PODS:
  - MJRefresh (3.7.5)
  - xDefine (1.0.4)
  - xExtension (1.1.2):
    - xDefine
  - xListViewController (1.0.2):
    - MJRefresh
    - xExtension
    - xModel
  - xModel (1.0.3)

DEPENDENCIES:
  - xListViewController (from `../`)

SPEC REPOS:
  https://github.com/kaibuleite/xSpecs.git:
    - xDefine
    - xExtension
    - xModel
  https://mirrors.tuna.tsinghua.edu.cn/git/CocoaPods/Specs.git:
    - MJRefresh

EXTERNAL SOURCES:
  xListViewController:
    :path: "../"

SPEC CHECKSUMS:
  MJRefresh: fdf5e979eb406a0341468932d1dfc8b7f9fce961
  xDefine: ca6c6eef825544db8b43409e66dbff05eca7ac58
  xExtension: c0850b5b3c3103c3e57a5be8acdd402daaf02c16
  xListViewController: 24288ebdc4fd347ae1c36f695233d6ded25e5f5f
  xModel: 6b2bc8f4e564213477fd917a776c8967b0d3b112

PODFILE CHECKSUM: 67e8464cc7580b7823f8d5cebef8610d32138fd8

COCOAPODS: 1.9.1
